
Microsoft Visual Studio Solution File, Format Version 12.00
# Visual Studio Version 17
VisualStudioVersion = 17.6.33829.357
MinimumVisualStudioVersion = 10.0.40219.1
Project("{FAE04EC0-301F-11D3-BF4B-00C04F79EFBC}") = "FlightAPI", "FlightAPI.csproj", "{82C182BB-54E3-4FCD-99A8-6ADE9F9AC8A6}"
EndProject
Global
	GlobalSection(SolutionConfigurationPlatforms) = preSolution
		Debug|Any CPU = Debug|Any CPU
		Release|Any CPU = Release|Any CPU
	EndGlobalSection
	GlobalSection(ProjectConfigurationPlatforms) = postSolution
		{82C182BB-54E3-4FCD-99A8-6ADE9F9AC8A6}.Debug|Any CPU.ActiveCfg = Debug|Any CPU
		{82C182BB-54E3-4FCD-99A8-6ADE9F9AC8A6}.Debug|Any CPU.Build.0 = Debug|Any CPU
		{82C182BB-54E3-4FCD-99A8-6ADE9F9AC8A6}.Release|Any CPU.ActiveCfg = Release|Any CPU
		{82C182BB-54E3-4FCD-99A8-6ADE9F9AC8A6}.Release|Any CPU.Build.0 = Release|Any CPU
	EndGlobalSection
	GlobalSection(SolutionProperties) = preSolution
		HideSolutionNode = FALSE
	EndGlobalSection
	GlobalSection(ExtensibilityGlobals) = postSolution
		SolutionGuid = {6270EC17-EFE5-471C-9E77-DF975968100E}
	EndGlobalSection
EndGlobal
